
Microsoft Visual Studio Solution File, Format Version 12.00
# Visual Studio Version 16
VisualStudioVersion = 16.0.31205.134
MinimumVisualStudioVersion = 10.0.40219.1
Project("{9A19103F-16F7-4668-BE54-9A1E7A4F7556}") = "GourmetGameConsole", "GourmetGameConsole\GourmetGameConsole.csproj", "{93831D46-FF77-4B05-BDC8-2479E11F5102}"
EndProject
Project("{FAE04EC0-301F-11D3-BF4B-00C04F79EFBC}") = "GourmetGameConsoleTests", "GourmetGameConsoleTests\GourmetGameConsoleTests.csproj", "{2D8DCD33-0E80-44F9-8C61-A5813E755A17}"
EndProject
Global
	GlobalSection(SolutionConfigurationPlatforms) = preSolution
		Debug|Any CPU = Debug|Any CPU
		Release|Any CPU = Release|Any CPU
	EndGlobalSection
	GlobalSection(ProjectConfigurationPlatforms) = postSolution
		{93831D46-FF77-4B05-BDC8-2479E11F5102}.Debug|Any CPU.ActiveCfg = Debug|Any CPU
		{93831D46-FF77-4B05-BDC8-2479E11F5102}.Debug|Any CPU.Build.0 = Debug|Any CPU
		{93831D46-FF77-4B05-BDC8-2479E11F5102}.Release|Any CPU.ActiveCfg = Release|Any CPU
		{93831D46-FF77-4B05-BDC8-2479E11F5102}.Release|Any CPU.Build.0 = Release|Any CPU
		{2D8DCD33-0E80-44F9-8C61-A5813E755A17}.Debug|Any CPU.ActiveCfg = Debug|Any CPU
		{2D8DCD33-0E80-44F9-8C61-A5813E755A17}.Debug|Any CPU.Build.0 = Debug|Any CPU
		{2D8DCD33-0E80-44F9-8C61-A5813E755A17}.Release|Any CPU.ActiveCfg = Release|Any CPU
		{2D8DCD33-0E80-44F9-8C61-A5813E755A17}.Release|Any CPU.Build.0 = Release|Any CPU
	EndGlobalSection
	GlobalSection(SolutionProperties) = preSolution
		HideSolutionNode = FALSE
	EndGlobalSection
	GlobalSection(ExtensibilityGlobals) = postSolution
		SolutionGuid = {2F4D42D6-22FB-4A75-8C76-FE1B9D097BA6}
	EndGlobalSection
EndGlobal
